# DO NOT EDIT MANUALLY - Managed by Fern Replay
version: "1.0"
generations:
  - commit_sha: 9fdec3aebc421f099dc93f1376545c86c5bdddc5
    tree_hash: ecd2ade331d1bcc4d9a9f7662675da2eba3dcd53
    timestamp: 2026-08-27T22:32:13.747Z
    cli_version: unknown
    generator_versions: {}
current_generation: 9fdec3aebc421f099dc93f1376545c86c5bdddc5
patches: []
